
Microsoft Visual Studio Solution File, Format Version 12.00
# Visual Studio Version 16
VisualStudioVersion = 16.0.29709.97
MinimumVisualStudioVersion = 10.0.40219.1
Project("{8BC9CEB8-8B4A-11D0-8D11-00A0C91BC942}") = "fluid", "fluid.vcxproj", "{214BDD3F-AD79-4813-B0B3-39868DBC4F4E}"
EndProject
Global
	GlobalSection(SolutionConfigurationPlatforms) = preSolution
		Debug|x64 = Debug|x64
		Debug|x86 = Debug|x86
		Release|x64 = Release|x64
		Release|x86 = Release|x86
	EndGlobalSection
	GlobalSection(ProjectConfigurationPlatforms) = postSolution
		{214BDD3F-AD79-4813-B0B3-39868DBC4F4E}.Debug|x64.ActiveCfg = Debug|x64
		{214BDD3F-AD79-4813-B0B3-39868DBC4F4E}.Debug|x64.Build.0 = Debug|x64
		{214BDD3F-AD79-4813-B0B3-39868DBC4F4E}.Debug|x86.ActiveCfg = Debug|Win32
		{214BDD3F-AD79-4813-B0B3-39868DBC4F4E}.Debug|x86.Build.0 = Debug|Win32
		{214BDD3F-AD79-4813-B0B3-39868DBC4F4E}.Release|x64.ActiveCfg = Release|x64
		{214BDD3F-AD79-4813-B0B3-39868DBC4F4E}.Release|x64.Build.0 = Release|x64
		{214BDD3F-AD79-4813-B0B3-39868DBC4F4E}.Release|x86.ActiveCfg = Release|Win32
		{214BDD3F-AD79-4813-B0B3-39868DBC4F4E}.Release|x86.Build.0 = Release|Win32
	EndGlobalSection
	GlobalSection(SolutionProperties) = preSolution
		HideSolutionNode = FALSE
	EndGlobalSection
	GlobalSection(ExtensibilityGlobals) = postSolution
		SolutionGuid = {D8A90545-7A49-4B0B-AD47-0B84C7168B8F}
	EndGlobalSection
EndGlobal
